
Microsoft Visual Studio Solution File, Format Version 12.00
# Visual Studio 15
VisualStudioVersion = 15.0.27703.2042
MinimumVisualStudioVersion = 10.0.40219.1
Project("{FAE04EC0-301F-11D3-BF4B-00C04F79EFBC}") = "Levent.WebApi", "Levent.WebApi\Levent.WebApi.csproj", "{5A4B2E8C-2ABE-46AF-8C37-88B8D526B60A}"
EndProject
Project("{FAE04EC0-301F-11D3-BF4B-00C04F79EFBC}") = "Levent.Engine", "Levent.Engine\Levent.Engine.csproj", "{8EC57D2E-5F51-41D1-8A27-54B6D961C518}"
EndProject
Project("{FAE04EC0-301F-11D3-BF4B-00C04F79EFBC}") = "Levent.Demo", "Levent.Demo\Levent.Demo.csproj", "{6AB0515F-D9FB-4879-AB0D-EF6AA2D1A484}"
EndProject
Global
	GlobalSection(SolutionConfigurationPlatforms) = preSolution
		Debug|Any CPU = Debug|Any CPU
		Release|Any CPU = Release|Any CPU
	EndGlobalSection
	GlobalSection(ProjectConfigurationPlatforms) = postSolution
		{5A4B2E8C-2ABE-46AF-8C37-88B8D526B60A}.Debug|Any CPU.ActiveCfg = Debug|Any CPU
		{5A4B2E8C-2ABE-46AF-8C37-88B8D526B60A}.Debug|Any CPU.Build.0 = Debug|Any CPU
		{5A4B2E8C-2ABE-46AF-8C37-88B8D526B60A}.Release|Any CPU.ActiveCfg = Release|Any CPU
		{5A4B2E8C-2ABE-46AF-8C37-88B8D526B60A}.Release|Any CPU.Build.0 = Release|Any CPU
		{8EC57D2E-5F51-41D1-8A27-54B6D961C518}.Debug|Any CPU.ActiveCfg = Debug|Any CPU
		{8EC57D2E-5F51-41D1-8A27-54B6D961C518}.Debug|Any CPU.Build.0 = Debug|Any CPU
		{8EC57D2E-5F51-41D1-8A27-54B6D961C518}.Release|Any CPU.ActiveCfg = Release|Any CPU
		{8EC57D2E-5F51-41D1-8A27-54B6D961C518}.Release|Any CPU.Build.0 = Release|Any CPU
		{6AB0515F-D9FB-4879-AB0D-EF6AA2D1A484}.Debug|Any CPU.ActiveCfg = Debug|Any CPU
		{6AB0515F-D9FB-4879-AB0D-EF6AA2D1A484}.Debug|Any CPU.Build.0 = Debug|Any CPU
		{6AB0515F-D9FB-4879-AB0D-EF6AA2D1A484}.Release|Any CPU.ActiveCfg = Release|Any CPU
		{6AB0515F-D9FB-4879-AB0D-EF6AA2D1A484}.Release|Any CPU.Build.0 = Release|Any CPU
	EndGlobalSection
	GlobalSection(SolutionProperties) = preSolution
		HideSolutionNode = FALSE
	EndGlobalSection
	GlobalSection(ExtensibilityGlobals) = postSolution
		SolutionGuid = {9A0E2D9F-923E-4F09-9E71-689D91094E60}
	EndGlobalSection
EndGlobal
